// !$*UTF8*$!
{
	archiveVersion = 1;
	classes = {
	};
	objectVersion = 51;
	objects = {

/* Begin PBXBuildFile section */
		64786ED9C28C590EC933F869 /* Pods_soundbrewUITests.framework in Frameworks */ = {isa = PBXBuildFile; fileRef = 6A2433FADC23B69BEDCB5C9C /* Pods_soundbrewUITests.framework */; };
		8B08558D2442419F14F2FAF6 /* Pods_soundbrewTests.framework in Frameworks */ = {isa = PBXBuildFile; fileRef = A98FF59E0CE532FE36411ACE /* Pods_soundbrewTests.framework */; };
		E40829EA236209C800D88B33 /* Localizable.strings in Resources */ = {isa = PBXBuildFile; fileRef = E40829EC236209C800D88B33 /* Localizable.strings */; };
		E425D7C723C2836A0031DB0B /* Credit.swift in Sources */ = {isa = PBXBuildFile; fileRef = E425D7C623C2836A0031DB0B /* Credit.swift */; };
		E425D7C923C289630031DB0B /* NewCreditViewController.swift in Sources */ = {isa = PBXBuildFile; fileRef = E425D7C823C289630031DB0B /* NewCreditViewController.swift */; };
		E4262A5423FC3E3200107A1D /* MentionsViewController.swift in Sources */ = {isa = PBXBuildFile; fileRef = E4262A5323FC3E3200107A1D /* MentionsViewController.swift */; };
		E43AB27F24169BED003263C9 /* HomeCollectionViewCell.swift in Sources */ = {isa = PBXBuildFile; fileRef = E43AB27E24169BED003263C9 /* HomeCollectionViewCell.swift */; };
		E43AB289241ADE9A003263C9 /* WhoToFollowViewController.swift in Sources */ = {isa = PBXBuildFile; fileRef = E43AB288241ADE9A003263C9 /* WhoToFollowViewController.swift */; };
		E43AB28B241AE067003263C9 /* Onboard.storyboard in Resources */ = {isa = PBXBuildFile; fileRef = E43AB28A241AE067003263C9 /* Onboard.storyboard */; };
		E43AB28D241D5332003263C9 /* WhoToFollowTableViewCell.swift in Sources */ = {isa = PBXBuildFile; fileRef = E43AB28C241D5332003263C9 /* WhoToFollowTableViewCell.swift */; };
		E43AB28F241D7181003263C9 /* Follow.swift in Sources */ = {isa = PBXBuildFile; fileRef = E43AB28E241D7181003263C9 /* Follow.swift */; };
		E46A641D234E567C0055E65A /* LoginViewController.swift in Sources */ = {isa = PBXBuildFile; fileRef = E46A641C234E567C0055E65A /* LoginViewController.swift */; };
		E46A641F234E56D30055E65A /* NewEmailViewController.swift in Sources */ = {isa = PBXBuildFile; fileRef = E46A641E234E56D30055E65A /* NewEmailViewController.swift */; };
		E46A6421234E57120055E65A /* NewUsernameViewController.swift in Sources */ = {isa = PBXBuildFile; fileRef = E46A6420234E57120055E65A /* NewUsernameViewController.swift */; };
		E46A6423234E57470055E65A /* NewPasswordViewController.swift in Sources */ = {isa = PBXBuildFile; fileRef = E46A6422234E57470055E65A /* NewPasswordViewController.swift */; };
		E4C9DCE923CCEB9D003835E5 /* HomeViewController.swift in Sources */ = {isa = PBXBuildFile; fileRef = E4C9DCE823CCEB9D003835E5 /* HomeViewController.swift */; };
		E4C9DCEF23E10FE6003835E5 /* CommentTableViewCell.swift in Sources */ = {isa = PBXBuildFile; fileRef = E4C9DCEE23E10FE6003835E5 /* CommentTableViewCell.swift */; };
		E4C9DCF123E11018003835E5 /* CommentViewController.swift in Sources */ = {isa = PBXBuildFile; fileRef = E4C9DCF023E11018003835E5 /* CommentViewController.swift */; };
		E4EB686D2384B67000FB1D71 /* CloudKit.framework in Frameworks */ = {isa = PBXBuildFile; fileRef = E4EB686C2384B67000FB1D71 /* CloudKit.framework */; };
		E4EB6870238CBC5000FB1D71 /* AKConverter.swift in Sources */ = {isa = PBXBuildFile; fileRef = E4EB686F238CBC4F00FB1D71 /* AKConverter.swift */; };
		F203C76C225D7ED80050F113 /* InstagramStoriesArtImage.swift in Sources */ = {isa = PBXBuildFile; fileRef = F203C76B225D7ED80050F113 /* InstagramStoriesArtImage.swift */; };
		F226B5C92329705400C3E951 /* SnapchatStoriesArtImage.swift in Sources */ = {isa = PBXBuildFile; fileRef = F226B5C82329705400C3E951 /* SnapchatStoriesArtImage.swift */; };
		F226B5CB2329A47C00C3E951 /* NewUser.storyboard in Resources */ = {isa = PBXBuildFile; fileRef = F226B5CA2329A47C00C3E951 /* NewUser.storyboard */; };
		F226B5CD2329AFC200C3E951 /* WelcomeViewController.swift in Sources */ = {isa = PBXBuildFile; fileRef = F226B5CC2329AFC200C3E951 /* WelcomeViewController.swift */; };
		F23C621B21DC3582005C9FF0 /* ForgotPasswordViewController.swift in Sources */ = {isa = PBXBuildFile; fileRef = F23C621A21DC3582005C9FF0 /* ForgotPasswordViewController.swift */; };
		F246999B22A82EEE0020497E /* AuthenticationServices.framework in Frameworks */ = {isa = PBXBuildFile; fileRef = F246999A22A82EEE0020497E /* AuthenticationServices.framework */; };
		F24F2B762278E8CB006D1CB7 /* GoogleService-Info.plist in Resources */ = {isa = PBXBuildFile; fileRef = F24F2B752278E8CA006D1CB7 /* GoogleService-Info.plist */; };
		F268986A215AEF8F00C21663 /* AppDelegate.swift in Sources */ = {isa = PBXBuildFile; fileRef = F2689869215AEF8F00C21663 /* AppDelegate.swift */; };
		F268986F215AEF8F00C21663 /* Main.storyboard in Resources */ = {isa = PBXBuildFile; fileRef = F268986D215AEF8F00C21663 /* Main.storyboard */; };
		F2689871215AEF9000C21663 /* Assets.xcassets in Resources */ = {isa = PBXBuildFile; fileRef = F2689870215AEF9000C21663 /* Assets.xcassets */; };
		F2689874215AEF9000C21663 /* LaunchScreen.storyboard in Resources */ = {isa = PBXBuildFile; fileRef = F2689872215AEF9000C21663 /* LaunchScreen.storyboard */; };
		F268987F215AEF9000C21663 /* soundbrewTests.swift in Sources */ = {isa = PBXBuildFile; fileRef = F268987E215AEF9000C21663 /* soundbrewTests.swift */; };
		F268988A215AEF9000C21663 /* soundbrewUITests.swift in Sources */ = {isa = PBXBuildFile; fileRef = F2689889215AEF9000C21663 /* soundbrewUITests.swift */; };
		F268989C215AF88200C21663 /* Color.swift in Sources */ = {isa = PBXBuildFile; fileRef = F268989B215AF88200C21663 /* Color.swift */; };
		F268989E215AF8F100C21663 /* UIElement.swift in Sources */ = {isa = PBXBuildFile; fileRef = F268989D215AF8F100C21663 /* UIElement.swift */; };
		F26898A2215B2C9100C21663 /* ChooseTagsViewController.swift in Sources */ = {isa = PBXBuildFile; fileRef = F26898A1215B2C9100C21663 /* ChooseTagsViewController.swift */; };
		F26898A6215B527900C21663 /* Sound.swift in Sources */ = {isa = PBXBuildFile; fileRef = F26898A5215B527900C21663 /* Sound.swift */; };
		F268992B21753A3B00C21663 /* Tag.swift in Sources */ = {isa = PBXBuildFile; fileRef = F268992A21753A3B00C21663 /* Tag.swift */; };
		F2860644232823DF00399F2A /* PeopleViewController.swift in Sources */ = {isa = PBXBuildFile; fileRef = F2860643232823DF00399F2A /* PeopleViewController.swift */; };
		F28A9862222FA5F200C96EED /* EditBioViewController.swift in Sources */ = {isa = PBXBuildFile; fileRef = F28A9861222FA5F200C96EED /* EditBioViewController.swift */; };
		F2BE03ED22CAD610009A5760 /* Payment.swift in Sources */ = {isa = PBXBuildFile; fileRef = F2BE03EC22CAD610009A5760 /* Payment.swift */; };
		F2E5081C21FFC5A200985E34 /* SoundsViewController.swift in Sources */ = {isa = PBXBuildFile; fileRef = F2E5081B21FFC5A200985E34 /* SoundsViewController.swift */; };
		F2E6E4F422A591FE00B4537D /* TemporaryFile.swift in Sources */ = {isa = PBXBuildFile; fileRef = F2E6E4F322A591FE00B4537D /* TemporaryFile.swift */; };
		F2EA6F4E220B630B007FA614 /* Player.swift in Sources */ = {isa = PBXBuildFile; fileRef = F2EA6F4D220B630B007FA614 /* Player.swift */; };
		F2EA6F50220B6411007FA614 /* PlayerViewController.swift in Sources */ = {isa = PBXBuildFile; fileRef = F2EA6F4F220B6411007FA614 /* PlayerViewController.swift */; };
		F2EA6F53220BEAF4007FA614 /* MiniPlayerView.swift in Sources */ = {isa = PBXBuildFile; fileRef = F2EA6F52220BEAF4007FA614 /* MiniPlayerView.swift */; };
		F2EA85752244110B005D6153 /* SoundList.swift in Sources */ = {isa = PBXBuildFile; fileRef = F2EA85742244110B005D6153 /* SoundList.swift */; };
		F2F122D922FBCA50002DA196 /* SearchViewController.swift in Sources */ = {isa = PBXBuildFile; fileRef = F2F122D822FBCA50002DA196 /* SearchViewController.swift */; };
		F2F122DB22FBCA78002DA196 /* TagTableViewCell.swift in Sources */ = {isa = PBXBuildFile; fileRef = F2F122DA22FBCA78002DA196 /* TagTableViewCell.swift */; };
		F2F8B99121DBEF140024AFB6 /* SoundListTableViewCell.swift in Sources */ = {isa = PBXBuildFile; fileRef = F2F8B99021DBEF140024AFB6 /* SoundListTableViewCell.swift */; };
		F2F8B99921DBEF4A0024AFB6 /* SoundInfoViewController.swift in Sources */ = {isa = PBXBuildFile; fileRef = F2F8B99521DBEF430024AFB6 /* SoundInfoViewController.swift */; };
		F2F8B99B21DBEF4A0024AFB6 /* SoundInfoTableViewCell.swift in Sources */ = {isa = PBXBuildFile; fileRef = F2F8B99721DBEF470024AFB6 /* SoundInfoTableViewCell.swift */; };
		F2F8B99C21DBEF4A0024AFB6 /* NewSoundViewController.swift in Sources */ = {isa = PBXBuildFile; fileRef = F2F8B99821DBEF4A0024AFB6 /* NewSoundViewController.swift */; };
		F2F8B9A021DBEF640024AFB6 /* ProfileTableViewCell.swift in Sources */ = {isa = PBXBuildFile; fileRef = F2F8B99D21DBEF5E0024AFB6 /* ProfileTableViewCell.swift */; };
		F2F8B9A121DBEF640024AFB6 /* ProfileViewController.swift in Sources */ = {isa = PBXBuildFile; fileRef = F2F8B99E21DBEF610024AFB6 /* ProfileViewController.swift */; };
		F2F8B9A221DBEF640024AFB6 /* EditProfileViewController.swift in Sources */ = {isa = PBXBuildFile; fileRef = F2F8B99F21DBEF640024AFB6 /* EditProfileViewController.swift */; };
		F2F8B9A721DBFBE30024AFB6 /* Artist.swift in Sources */ = {isa = PBXBuildFile; fileRef = F2F8B9A621DBFBE30024AFB6 /* Artist.swift */; };
		F2FB14C822CBF99600ED157E /* ContainerViewController.swift in Sources */ = {isa = PBXBuildFile; fileRef = F2FB14C722CBF99600ED157E /* ContainerViewController.swift */; };
		F2FB14CA22CBFB0700ED157E /* SettingsViewController.swift in Sources */ = {isa = PBXBuildFile; fileRef = F2FB14C922CBFB0700ED157E /* SettingsViewController.swift */; };
		F2FB14D222CC328D00ED157E /* AddFundsViewController.swift in Sources */ = {isa = PBXBuildFile; fileRef = F2FB14D122CC328D00ED157E /* AddFundsViewController.swift */; };
		F2FB14D422CD1A1900ED157E /* Customer.swift in Sources */ = {isa = PBXBuildFile; fileRef = F2FB14D322CD1A1900ED157E /* Customer.swift */; };
		FD514CDB38E1611E8B0BF945 /* Pods_soundbrew.framework in Frameworks */ = {isa = PBXBuildFile; fileRef = 921914671D6205F63B619F10 /* Pods_soundbrew.framework */; };
/* End PBXBuildFile section */

/* Begin PBXContainerItemProxy section */
		F246995B22A8273F0020497E /* PBXContainerItemProxy */ = {
			isa = PBXContainerItemProxy;
			containerPortal = F246995222A8273E0020497E /* Swifter.xcodeproj */;
			proxyType = 2;
			remoteGlobalIDString = 8B300C1F1944AA1A00993175;
			remoteInfo = SwifterDemoiOS;
		};
		F246995D22A8273F0020497E /* PBXContainerItemProxy */ = {
			isa = PBXContainerItemProxy;
			containerPortal = F246995222A8273E0020497E /* Swifter.xcodeproj */;
			proxyType = 2;
			remoteGlobalIDString = 8B9F50EE1944A5AB00894629;
			remoteInfo = SwifteriOS;
		};
		F246995F22A8273F0020497E /* PBXContainerItemProxy */ = {
			isa = PBXContainerItemProxy;
			containerPortal = F246995222A8273E0020497E /* Swifter.xcodeproj */;
			proxyType = 2;
			remoteGlobalIDString = 8B9F51131944A61D00894629;
			remoteInfo = SwifterMac;
		};
		F246996122A8273F0020497E /* PBXContainerItemProxy */ = {
			isa = PBXContainerItemProxy;
			containerPortal = F246995222A8273E0020497E /* Swifter.xcodeproj */;
			proxyType = 2;
			remoteGlobalIDString = 8B300C471944AECB00993175;
			remoteInfo = SwifterDemoMac;
		};
		F246996322A8273F0020497E /* PBXContainerItemProxy */ = {
			isa = PBXContainerItemProxy;
			containerPortal = F246995222A8273E0020497E /* Swifter.xcodeproj */;
			proxyType = 2;
			remoteGlobalIDString = F6B4D5751C7BAC4500E06514;
			remoteInfo = SwifterTests;
		};
		F268987B215AEF9000C21663 /* PBXContainerItemProxy */ = {
			isa = PBXContainerItemProxy;
			containerPortal = F268985E215AEF8F00C21663 /* Project object */;
			proxyType = 1;
			remoteGlobalIDString = F2689865215AEF8F00C21663;
			remoteInfo = soundbrew;
		};
		F2689886215AEF9000C21663 /* PBXContainerItemProxy */ = {
			isa = PBXContainerItemProxy;
			containerPortal = F268985E215AEF8F00C21663 /* Project object */;
			proxyType = 1;
			remoteGlobalIDString = F2689865215AEF8F00C21663;
			remoteInfo = soundbrew;
		};
/* End PBXContainerItemProxy section */

/* Begin PBXCopyFilesBuildPhase section */
		F246998322A829240020497E /* Embed Frameworks */ = {
			isa = PBXCopyFilesBuildPhase;
			buildActionMask = 2147483647;
			dstPath = "";
			dstSubfolderSpec = 10;
			files = (
			);
			name = "Embed Frameworks";
			runOnlyForDeploymentPostprocessing = 0;
		};
/* End PBXCopyFilesBuildPhase section */

/* Begin PBXFileReference section */
		2176CF4249BE5EFB52E4C66A /* Pods-soundbrewUITests.release.xcconfig */ = {isa = PBXFileReference; includeInIndex = 1; lastKnownFileType = text.xcconfig; name = "Pods-soundbrewUITests.release.xcconfig"; path = "Pods/Target Support Files/Pods-soundbrewUITests/Pods-soundbrewUITests.release.xcconfig"; sourceTree = "<group>"; };
		39D725360E8FD463AF5DD069 /* Pods-soundbrew.debug.xcconfig */ = {isa = PBXFileReference; includeInIndex = 1; lastKnownFileType = text.xcconfig; name = "Pods-soundbrew.debug.xcconfig"; path = "Pods/Target Support Files/Pods-soundbrew/Pods-soundbrew.debug.xcconfig"; sourceTree = "<group>"; };
		6A2433FADC23B69BEDCB5C9C /* Pods_soundbrewUITests.framework */ = {isa = PBXFileReference; explicitFileType = wrapper.framework; includeInIndex = 0; path = Pods_soundbrewUITests.framework; sourceTree = BUILT_PRODUCTS_DIR; };
		7A4EF2DDF0A520CBB15481F8 /* Pods-soundbrew.release.xcconfig */ = {isa = PBXFileReference; includeInIndex = 1; lastKnownFileType = text.xcconfig; name = "Pods-soundbrew.release.xcconfig"; path = "Pods/Target Support Files/Pods-soundbrew/Pods-soundbrew.release.xcconfig"; sourceTree = "<group>"; };
		921914671D6205F63B619F10 /* Pods_soundbrew.framework */ = {isa = PBXFileReference; explicitFileType = wrapper.framework; includeInIndex = 0; path = Pods_soundbrew.framework; sourceTree = BUILT_PRODUCTS_DIR; };
		A98FF59E0CE532FE36411ACE /* Pods_soundbrewTests.framework */ = {isa = PBXFileReference; explicitFileType = wrapper.framework; includeInIndex = 0; path = Pods_soundbrewTests.framework; sourceTree = BUILT_PRODUCTS_DIR; };
		AE5E96109A7445CB251E5689 /* Pods-soundbrewUITests.debug.xcconfig */ = {isa = PBXFileReference; includeInIndex = 1; lastKnownFileType = text.xcconfig; name = "Pods-soundbrewUITests.debug.xcconfig"; path = "Pods/Target Support Files/Pods-soundbrewUITests/Pods-soundbrewUITests.debug.xcconfig"; sourceTree = "<group>"; };
		D7A0E542735DEBF665AEBE43 /* Pods-soundbrewTests.debug.xcconfig */ = {isa = PBXFileReference; includeInIndex = 1; lastKnownFileType = text.xcconfig; name = "Pods-soundbrewTests.debug.xcconfig"; path = "Pods/Target Support Files/Pods-soundbrewTests/Pods-soundbrewTests.debug.xcconfig"; sourceTree = "<group>"; };
		E4006F5E2367A0EA0020CDD8 /* es */ = {isa = PBXFileReference; lastKnownFileType = text.plist.strings; name = es; path = es.lproj/LaunchScreen.strings; sourceTree = "<group>"; };
		E4006F5F2367A0EB0020CDD8 /* es */ = {isa = PBXFileReference; lastKnownFileType = text.plist.strings; name = es; path = es.lproj/Main.strings; sourceTree = "<group>"; };
		E4006F602367A0EC0020CDD8 /* es */ = {isa = PBXFileReference; lastKnownFileType = text.plist.strings; name = es; path = es.lproj/Localizable.strings; sourceTree = "<group>"; };
		E40829E5236204E900D88B33 /* de */ = {isa = PBXFileReference; lastKnownFileType = text.plist.strings; name = de; path = de.lproj/LaunchScreen.strings; sourceTree = "<group>"; };
		E40829E6236204EA00D88B33 /* de */ = {isa = PBXFileReference; lastKnownFileType = text.plist.strings; name = de; path = de.lproj/Main.strings; sourceTree = "<group>"; };
		E40829EB236209C800D88B33 /* de */ = {isa = PBXFileReference; lastKnownFileType = text.plist.strings; name = de; path = de.lproj/Localizable.strings; sourceTree = "<group>"; };
		E40829ED236209D100D88B33 /* en */ = {isa = PBXFileReference; lastKnownFileType = text.plist.strings; name = en; path = en.lproj/Localizable.strings; sourceTree = "<group>"; };
		E425D7C623C2836A0031DB0B /* Credit.swift */ = {isa = PBXFileReference; lastKnownFileType = sourcecode.swift; path = Credit.swift; sourceTree = "<group>"; };
		E425D7C823C289630031DB0B /* NewCreditViewController.swift */ = {isa = PBXFileReference; lastKnownFileType = sourcecode.swift; path = NewCreditViewController.swift; sourceTree = "<group>"; };
		E4262A5323FC3E3200107A1D /* MentionsViewController.swift */ = {isa = PBXFileReference; lastKnownFileType = sourcecode.swift; path = MentionsViewController.swift; sourceTree = "<group>"; };
		E43AB27E24169BED003263C9 /* HomeCollectionViewCell.swift */ = {isa = PBXFileReference; lastKnownFileType = sourcecode.swift; path = HomeCollectionViewCell.swift; sourceTree = "<group>"; };
		E43AB288241ADE9A003263C9 /* WhoToFollowViewController.swift */ = {isa = PBXFileReference; lastKnownFileType = sourcecode.swift; path = WhoToFollowViewController.swift; sourceTree = "<group>"; };
		E43AB28A241AE067003263C9 /* Onboard.storyboard */ = {isa = PBXFileReference; lastKnownFileType = file.storyboard; path = Onboard.storyboard; sourceTree = "<group>"; };
		E43AB28C241D5332003263C9 /* WhoToFollowTableViewCell.swift */ = {isa = PBXFileReference; lastKnownFileType = sourcecode.swift; path = WhoToFollowTableViewCell.swift; sourceTree = "<group>"; };
		E43AB28E241D7181003263C9 /* Follow.swift */ = {isa = PBXFileReference; lastKnownFileType = sourcecode.swift; path = Follow.swift; sourceTree = "<group>"; };
		E46A641C234E567C0055E65A /* LoginViewController.swift */ = {isa = PBXFileReference; lastKnownFileType = sourcecode.swift; path = LoginViewController.swift; sourceTree = "<group>"; };
		E46A641E234E56D30055E65A /* NewEmailViewController.swift */ = {isa = PBXFileReference; lastKnownFileType = sourcecode.swift; path = NewEmailViewController.swift; sourceTree = "<group>"; };
		E46A6420234E57120055E65A /* NewUsernameViewController.swift */ = {isa = PBXFileReference; lastKnownFileType = sourcecode.swift; path = NewUsernameViewController.swift; sourceTree = "<group>"; };
		E46A6422234E57470055E65A /* NewPasswordViewController.swift */ = {isa = PBXFileReference; lastKnownFileType = sourcecode.swift; path = NewPasswordViewController.swift; sourceTree = "<group>"; };
		E4C9DCE823CCEB9D003835E5 /* HomeViewController.swift */ = {isa = PBXFileReference; lastKnownFileType = sourcecode.swift; path = HomeViewController.swift; sourceTree = "<group>"; };
		E4C9DCEE23E10FE6003835E5 /* CommentTableViewCell.swift */ = {isa = PBXFileReference; lastKnownFileType = sourcecode.swift; path = CommentTableViewCell.swift; sourceTree = "<group>"; };
		E4C9DCF023E11018003835E5 /* CommentViewController.swift */ = {isa = PBXFileReference; lastKnownFileType = sourcecode.swift; path = CommentViewController.swift; sourceTree = "<group>"; };
		E4EB686C2384B67000FB1D71 /* CloudKit.framework */ = {isa = PBXFileReference; lastKnownFileType = wrapper.framework; name = CloudKit.framework; path = System/Library/Frameworks/CloudKit.framework; sourceTree = SDKROOT; };
		E4EB686F238CBC4F00FB1D71 /* AKConverter.swift */ = {isa = PBXFileReference; lastKnownFileType = sourcecode.swift; path = AKConverter.swift; sourceTree = "<group>"; };
		F203C76B225D7ED80050F113 /* InstagramStoriesArtImage.swift */ = {isa = PBXFileReference; lastKnownFileType = sourcecode.swift; path = InstagramStoriesArtImage.swift; sourceTree = "<group>"; };
		F226B5C82329705400C3E951 /* SnapchatStoriesArtImage.swift */ = {isa = PBXFileReference; lastKnownFileType = sourcecode.swift; path = SnapchatStoriesArtImage.swift; sourceTree = "<group>"; };
		F226B5CA2329A47C00C3E951 /* NewUser.storyboard */ = {isa = PBXFileReference; lastKnownFileType = file.storyboard; name = NewUser.storyboard; path = Profile/NewUser.storyboard; sourceTree = "<group>"; };
		F226B5CC2329AFC200C3E951 /* WelcomeViewController.swift */ = {isa = PBXFileReference; lastKnownFileType = sourcecode.swift; path = WelcomeViewController.swift; sourceTree = "<group>"; };
		F23C621A21DC3582005C9FF0 /* ForgotPasswordViewController.swift */ = {isa = PBXFileReference; fileEncoding = 4; lastKnownFileType = sourcecode.swift; path = ForgotPasswordViewController.swift; sourceTree = "<group>"; };
		F246995222A8273E0020497E /* Swifter.xcodeproj */ = {isa = PBXFileReference; lastKnownFileType = "wrapper.pb-project"; name = Swifter.xcodeproj; path = "soundbrew/Swifter-master 2/Swifter.xcodeproj"; sourceTree = "<group>"; };
		F246999A22A82EEE0020497E /* AuthenticationServices.framework */ = {isa = PBXFileReference; lastKnownFileType = wrapper.framework; name = AuthenticationServices.framework; path = System/Library/Frameworks/AuthenticationServices.framework; sourceTree = SDKROOT; };
		F24F2B752278E8CA006D1CB7 /* GoogleService-Info.plist */ = {isa = PBXFileReference; fileEncoding = 4; lastKnownFileType = text.plist.xml; path = "GoogleService-Info.plist"; sourceTree = "<group>"; };
		F2689866215AEF8F00C21663 /* soundbrew.app */ = {isa = PBXFileReference; explicitFileType = wrapper.application; includeInIndex = 0; path = soundbrew.app; sourceTree = BUILT_PRODUCTS_DIR; };
		F2689869215AEF8F00C21663 /* AppDelegate.swift */ = {isa = PBXFileReference; lastKnownFileType = sourcecode.swift; path = AppDelegate.swift; sourceTree = "<group>"; };
		F268986E215AEF8F00C21663 /* Base */ = {isa = PBXFileReference; lastKnownFileType = file.storyboard; name = Base; path = Base.lproj/Main.storyboard; sourceTree = "<group>"; };
		F2689870215AEF9000C21663 /* Assets.xcassets */ = {isa = PBXFileReference; lastKnownFileType = folder.assetcatalog; path = Assets.xcassets; sourceTree = "<group>"; };
		F2689873215AEF9000C21663 /* Base */ = {isa = PBXFileReference; lastKnownFileType = file.storyboard; name = Base; path = Base.lproj/LaunchScreen.storyboard; sourceTree = "<group>"; };
		F2689875215AEF9000C21663 /* Info.plist */ = {isa = PBXFileReference; lastKnownFileType = text.plist.xml; path = Info.plist; sourceTree = "<group>"; };
		F268987A215AEF9000C21663 /* soundbrewTests.xctest */ = {isa = PBXFileReference; explicitFileType = wrapper.cfbundle; includeInIndex = 0; path = soundbrewTests.xctest; sourceTree = BUILT_PRODUCTS_DIR; };
		F268987E215AEF9000C21663 /* soundbrewTests.swift */ = {isa = PBXFileReference; lastKnownFileType = sourcecode.swift; path = soundbrewTests.swift; sourceTree = "<group>"; };
		F2689880215AEF9000C21663 /* Info.plist */ = {isa = PBXFileReference; lastKnownFileType = text.plist.xml; path = Info.plist; sourceTree = "<group>"; };
		F2689885215AEF9000C21663 /* soundbrewUITests.xctest */ = {isa = PBXFileReference; explicitFileType = wrapper.cfbundle; includeInIndex = 0; path = soundbrewUITests.xctest; sourceTree = BUILT_PRODUCTS_DIR; };
		F2689889215AEF9000C21663 /* soundbrewUITests.swift */ = {isa = PBXFileReference; lastKnownFileType = sourcecode.swift; path = soundbrewUITests.swift; sourceTree = "<group>"; };
		F268988B215AEF9000C21663 /* Info.plist */ = {isa = PBXFileReference; lastKnownFileType = text.plist.xml; path = Info.plist; sourceTree = "<group>"; };
		F268989B215AF88200C21663 /* Color.swift */ = {isa = PBXFileReference; lastKnownFileType = sourcecode.swift; path = Color.swift; sourceTree = "<group>"; };
		F268989D215AF8F100C21663 /* UIElement.swift */ = {isa = PBXFileReference; lastKnownFileType = sourcecode.swift; path = UIElement.swift; sourceTree = "<group>"; };
		F26898A1215B2C9100C21663 /* ChooseTagsViewController.swift */ = {isa = PBXFileReference; lastKnownFileType = sourcecode.swift; name = ChooseTagsViewController.swift; path = "../New Group/ChooseTagsViewController.swift"; sourceTree = "<group>"; };
		F26898A5215B527900C21663 /* Sound.swift */ = {isa = PBXFileReference; lastKnownFileType = sourcecode.swift; path = Sound.swift; sourceTree = "<group>"; };
		F26898F0216B874C00C21663 /* soundbrew.entitlements */ = {isa = PBXFileReference; lastKnownFileType = text.plist.entitlements; path = soundbrew.entitlements; sourceTree = "<group>"; };
		F268992A21753A3B00C21663 /* Tag.swift */ = {isa = PBXFileReference; lastKnownFileType = sourcecode.swift; name = Tag.swift; path = "../New Group/Tag.swift"; sourceTree = "<group>"; };
		F2860643232823DF00399F2A /* PeopleViewController.swift */ = {isa = PBXFileReference; lastKnownFileType = sourcecode.swift; path = PeopleViewController.swift; sourceTree = "<group>"; };
		F28A9861222FA5F200C96EED /* EditBioViewController.swift */ = {isa = PBXFileReference; lastKnownFileType = sourcecode.swift; path = EditBioViewController.swift; sourceTree = "<group>"; };
		F2BE03EC22CAD610009A5760 /* Payment.swift */ = {isa = PBXFileReference; lastKnownFileType = sourcecode.swift; path = Payment.swift; sourceTree = "<group>"; };
		F2E5081B21FFC5A200985E34 /* SoundsViewController.swift */ = {isa = PBXFileReference; lastKnownFileType = sourcecode.swift; path = SoundsViewController.swift; sourceTree = "<group>"; };
		F2E6E4F322A591FE00B4537D /* TemporaryFile.swift */ = {isa = PBXFileReference; fileEncoding = 4; lastKnownFileType = sourcecode.swift; path = TemporaryFile.swift; sourceTree = "<group>"; };
		F2EA6F4D220B630B007FA614 /* Player.swift */ = {isa = PBXFileReference; lastKnownFileType = sourcecode.swift; path = Player.swift; sourceTree = "<group>"; };
		F2EA6F4F220B6411007FA614 /* PlayerViewController.swift */ = {isa = PBXFileReference; lastKnownFileType = sourcecode.swift; path = PlayerViewController.swift; sourceTree = "<group>"; };
		F2EA6F52220BEAF4007FA614 /* MiniPlayerView.swift */ = {isa = PBXFileReference; lastKnownFileType = sourcecode.swift; path = MiniPlayerView.swift; sourceTree = "<group>"; };
		F2EA85742244110B005D6153 /* SoundList.swift */ = {isa = PBXFileReference; lastKnownFileType = sourcecode.swift; path = SoundList.swift; sourceTree = "<group>"; };
		F2F122D822FBCA50002DA196 /* SearchViewController.swift */ = {isa = PBXFileReference; lastKnownFileType = sourcecode.swift; path = SearchViewController.swift; sourceTree = "<group>"; };
		F2F122DA22FBCA78002DA196 /* TagTableViewCell.swift */ = {isa = PBXFileReference; lastKnownFileType = sourcecode.swift; path = TagTableViewCell.swift; sourceTree = "<group>"; };
		F2F8B99021DBEF140024AFB6 /* SoundListTableViewCell.swift */ = {isa = PBXFileReference; fileEncoding = 4; lastKnownFileType = sourcecode.swift; path = SoundListTableViewCell.swift; sourceTree = "<group>"; };
		F2F8B99521DBEF430024AFB6 /* SoundInfoViewController.swift */ = {isa = PBXFileReference; fileEncoding = 4; lastKnownFileType = sourcecode.swift; path = SoundInfoViewController.swift; sourceTree = "<group>"; };
		F2F8B99721DBEF470024AFB6 /* SoundInfoTableViewCell.swift */ = {isa = PBXFileReference; fileEncoding = 4; lastKnownFileType = sourcecode.swift; path = SoundInfoTableViewCell.swift; sourceTree = "<group>"; };
		F2F8B99821DBEF4A0024AFB6 /* NewSoundViewController.swift */ = {isa = PBXFileReference; fileEncoding = 4; lastKnownFileType = sourcecode.swift; path = NewSoundViewController.swift; sourceTree = "<group>"; };
		F2F8B99D21DBEF5E0024AFB6 /* ProfileTableViewCell.swift */ = {isa = PBXFileReference; fileEncoding = 4; lastKnownFileType = sourcecode.swift; path = ProfileTableViewCell.swift; sourceTree = "<group>"; };
		F2F8B99E21DBEF610024AFB6 /* ProfileViewController.swift */ = {isa = PBXFileReference; fileEncoding = 4; lastKnownFileType = sourcecode.swift; path = ProfileViewController.swift; sourceTree = "<group>"; };
		F2F8B99F21DBEF640024AFB6 /* EditProfileViewController.swift */ = {isa = PBXFileReference; fileEncoding = 4; lastKnownFileType = sourcecode.swift; path = EditProfileViewController.swift; sourceTree = "<group>"; };
		F2F8B9A621DBFBE30024AFB6 /* Artist.swift */ = {isa = PBXFileReference; fileEncoding = 4; lastKnownFileType = sourcecode.swift; path = Artist.swift; sourceTree = "<group>"; };
		F2FB14C722CBF99600ED157E /* ContainerViewController.swift */ = {isa = PBXFileReference; lastKnownFileType = sourcecode.swift; path = ContainerViewController.swift; sourceTree = "<group>"; };
		F2FB14C922CBFB0700ED157E /* SettingsViewController.swift */ = {isa = PBXFileReference; lastKnownFileType = sourcecode.swift; path = SettingsViewController.swift; sourceTree = "<group>"; };
		F2FB14D122CC328D00ED157E /* AddFundsViewController.swift */ = {isa = PBXFileReference; lastKnownFileType = sourcecode.swift; path = AddFundsViewController.swift; sourceTree = "<group>"; };
		F2FB14D322CD1A1900ED157E /* Customer.swift */ = {isa = PBXFileReference; lastKnownFileType = sourcecode.swift; path = Customer.swift; sourceTree = "<group>"; };
		FB21B064ABB30A8D9A4DED97 /* Pods-soundbrewTests.release.xcconfig */ = {isa = PBXFileReference; includeInIndex = 1; lastKnownFileType = text.xcconfig; name = "Pods-soundbrewTests.release.xcconfig"; path = "Pods/Target Support Files/Pods-soundbrewTests/Pods-soundbrewTests.release.xcconfig"; sourceTree = "<group>"; };
/* End PBXFileReference section */

/* Begin PBXFrameworksBuildPhase section */
		F2689863215AEF8F00C21663 /* Frameworks */ = {
			isa = PBXFrameworksBuildPhase;
			buildActionMask = 2147483647;
			files = (
				E4EB686D2384B67000FB1D71 /* CloudKit.framework in Frameworks */,
				F246999B22A82EEE0020497E /* AuthenticationServices.framework in Frameworks */,
				FD514CDB38E1611E8B0BF945 /* Pods_soundbrew.framework in Frameworks */,
			);
			runOnlyForDeploymentPostprocessing = 0;
		};
		F2689877215AEF9000C21663 /* Frameworks */ = {
			isa = PBXFrameworksBuildPhase;
			buildActionMask = 2147483647;
			files = (
				8B08558D2442419F14F2FAF6 /* Pods_soundbrewTests.framework in Frameworks */,
			);
			runOnlyForDeploymentPostprocessing = 0;
		};
		F2689882215AEF9000C21663 /* Frameworks */ = {
			isa = PBXFrameworksBuildPhase;
			buildActionMask = 2147483647;
			files = (
				64786ED9C28C590EC933F869 /* Pods_soundbrewUITests.framework in Frameworks */,
			);
			runOnlyForDeploymentPostprocessing = 0;
		};
/* End PBXFrameworksBuildPhase section */

/* Begin PBXGroup section */
		13D74CF9D00917ACAB72301C /* Pods */ = {
			isa = PBXGroup;
			children = (
				39D725360E8FD463AF5DD069 /* Pods-soundbrew.debug.xcconfig */,
				7A4EF2DDF0A520CBB15481F8 /* Pods-soundbrew.release.xcconfig */,
				D7A0E542735DEBF665AEBE43 /* Pods-soundbrewTests.debug.xcconfig */,
				FB21B064ABB30A8D9A4DED97 /* Pods-soundbrewTests.release.xcconfig */,
				AE5E96109A7445CB251E5689 /* Pods-soundbrewUITests.debug.xcconfig */,
				2176CF4249BE5EFB52E4C66A /* Pods-soundbrewUITests.release.xcconfig */,
			);
			name = Pods;
			sourceTree = "<group>";
		};
		42B7F2BA59BF3DD0971C4C4A /* Frameworks */ = {
			isa = PBXGroup;
			children = (
				E4EB686C2384B67000FB1D71 /* CloudKit.framework */,
				F246999A22A82EEE0020497E /* AuthenticationServices.framework */,
				921914671D6205F63B619F10 /* Pods_soundbrew.framework */,
				F246995222A8273E0020497E /* Swifter.xcodeproj */,
				A98FF59E0CE532FE36411ACE /* Pods_soundbrewTests.framework */,
				6A2433FADC23B69BEDCB5C9C /* Pods_soundbrewUITests.framework */,
			);
			name = Frameworks;
			sourceTree = "<group>";
		};
		E4C9DCED23E10FC0003835E5 /* Comment */ = {
			isa = PBXGroup;
			children = (
				E4C9DCEE23E10FE6003835E5 /* CommentTableViewCell.swift */,
				E4C9DCF023E11018003835E5 /* CommentViewController.swift */,
			);
			path = Comment;
			sourceTree = "<group>";
		};
		F23C620F21DC34DB005C9FF0 /* Login */ = {
			isa = PBXGroup;
			children = (
				F226B5CC2329AFC200C3E951 /* WelcomeViewController.swift */,
				F23C621A21DC3582005C9FF0 /* ForgotPasswordViewController.swift */,
				E46A641C234E567C0055E65A /* LoginViewController.swift */,
				E46A641E234E56D30055E65A /* NewEmailViewController.swift */,
				E46A6420234E57120055E65A /* NewUsernameViewController.swift */,
				E46A6422234E57470055E65A /* NewPasswordViewController.swift */,
				E43AB288241ADE9A003263C9 /* WhoToFollowViewController.swift */,
				E43AB28C241D5332003263C9 /* WhoToFollowTableViewCell.swift */,
			);
			path = Login;
			sourceTree = "<group>";
		};
		F246995422A8273E0020497E /* Products */ = {
			isa = PBXGroup;
			children = (
				F246995C22A8273F0020497E /* SwifterDemoiOS.app */,
				F246995E22A8273F0020497E /* SwifteriOS.framework */,
				F246996022A8273F0020497E /* SwifterMac.framework */,
				F246996222A8273F0020497E /* SwifterDemoMac.app */,
				F246996422A8273F0020497E /* SwifterTests.xctest */,
			);
			name = Products;
			sourceTree = "<group>";
		};
		F268985D215AEF8F00C21663 = {
			isa = PBXGroup;
			children = (
				F2689868215AEF8F00C21663 /* soundbrew */,
				F268987D215AEF9000C21663 /* soundbrewTests */,
				F2689888215AEF9000C21663 /* soundbrewUITests */,
				F2689867215AEF8F00C21663 /* Products */,
				13D74CF9D00917ACAB72301C /* Pods */,
				42B7F2BA59BF3DD0971C4C4A /* Frameworks */,
			);
			sourceTree = "<group>";
		};
		F2689867215AEF8F00C21663 /* Products */ = {
			isa = PBXGroup;
			children = (
				F2689866215AEF8F00C21663 /* soundbrew.app */,
				F268987A215AEF9000C21663 /* soundbrewTests.xctest */,
				F2689885215AEF9000C21663 /* soundbrewUITests.xctest */,
			);
			name = Products;
			sourceTree = "<group>";
		};
		F2689868215AEF8F00C21663 /* soundbrew */ = {
			isa = PBXGroup;
			children = (
				F2E6E4F522A5934900B4537D /* d */,
				F24F2B752278E8CA006D1CB7 /* GoogleService-Info.plist */,
				F26898F0216B874C00C21663 /* soundbrew.entitlements */,
				F2689875215AEF9000C21663 /* Info.plist */,
				F2689870215AEF9000C21663 /* Assets.xcassets */,
				F2689869215AEF8F00C21663 /* AppDelegate.swift */,
				F268989B215AF88200C21663 /* Color.swift */,
				F268989D215AF8F100C21663 /* UIElement.swift */,
				E40829EC236209C800D88B33 /* Localizable.strings */,
				F2689872215AEF9000C21663 /* LaunchScreen.storyboard */,
				F268986D215AEF8F00C21663 /* Main.storyboard */,
				F226B5CA2329A47C00C3E951 /* NewUser.storyboard */,
				E43AB28A241AE067003263C9 /* Onboard.storyboard */,
				E4C9DCED23E10FC0003835E5 /* Comment */,
				F23C620F21DC34DB005C9FF0 /* Login */,
				F2F8B99421DBEF2D0024AFB6 /* New Sound */,
				F2F8B9A321DBEF690024AFB6 /* Profile */,
				F2FB14CB22CBFBFF00ED157E /* Main */,
				F2EA6F51220BDE89007FA614 /* Player */,
				F2689899215AF7FB00C21663 /* Sound */,
			);
			path = soundbrew;
			sourceTree = "<group>";
		};
		F268987D215AEF9000C21663 /* soundbrewTests */ = {
			isa = PBXGroup;
			children = (
				F268987E215AEF9000C21663 /* soundbrewTests.swift */,
				F2689880215AEF9000C21663 /* Info.plist */,
			);
			path = soundbrewTests;
			sourceTree = "<group>";
		};
		F2689888215AEF9000C21663 /* soundbrewUITests */ = {
			isa = PBXGroup;
			children = (
				F2689889215AEF9000C21663 /* soundbrewUITests.swift */,
				F268988B215AEF9000C21663 /* Info.plist */,
			);
			path = soundbrewUITests;
			sourceTree = "<group>";
		};
		F2689899215AF7FB00C21663 /* Sound */ = {
			isa = PBXGroup;
			children = (
				F2EA85742244110B005D6153 /* SoundList.swift */,
				F2F8B99021DBEF140024AFB6 /* SoundListTableViewCell.swift */,
				E425D7C623C2836A0031DB0B /* Credit.swift */,
				F26898A5215B527900C21663 /* Sound.swift */,
				F2E5081B21FFC5A200985E34 /* SoundsViewController.swift */,
				F203C76B225D7ED80050F113 /* InstagramStoriesArtImage.swift */,
				F226B5C82329705400C3E951 /* SnapchatStoriesArtImage.swift */,
			);
			path = Sound;
			sourceTree = "<group>";
		};
		F2E6E4F522A5934900B4537D /* d */ = {
			isa = PBXGroup;
			children = (
				F2E6E4F322A591FE00B4537D /* TemporaryFile.swift */,
				E4EB686F238CBC4F00FB1D71 /* AKConverter.swift */,
			);
			path = d;
			sourceTree = "<group>";
		};
		F2EA6F51220BDE89007FA614 /* Player */ = {
			isa = PBXGroup;
			children = (
				F2EA6F4D220B630B007FA614 /* Player.swift */,
				F2EA6F4F220B6411007FA614 /* PlayerViewController.swift */,
				F2EA6F52220BEAF4007FA614 /* MiniPlayerView.swift */,
			);
			path = Player;
			sourceTree = "<group>";
		};
		F2F8B99421DBEF2D0024AFB6 /* New Sound */ = {
			isa = PBXGroup;
			children = (
				F2F8B99721DBEF470024AFB6 /* SoundInfoTableViewCell.swift */,
				F2F8B99821DBEF4A0024AFB6 /* NewSoundViewController.swift */,
				F2F8B99521DBEF430024AFB6 /* SoundInfoViewController.swift */,
				E425D7C823C289630031DB0B /* NewCreditViewController.swift */,
			);
			path = "New Sound";
			sourceTree = "<group>";
		};
		F2F8B9A321DBEF690024AFB6 /* Profile */ = {
			isa = PBXGroup;
			children = (
				E43AB28E241D7181003263C9 /* Follow.swift */,
				F2F8B9A621DBFBE30024AFB6 /* Artist.swift */,
				F2F8B99D21DBEF5E0024AFB6 /* ProfileTableViewCell.swift */,
				F2FB14CD22CC106100ED157E /* Payment */,
				F2FB14C722CBF99600ED157E /* ContainerViewController.swift */,
				F2FB14C922CBFB0700ED157E /* SettingsViewController.swift */,
				F2F8B99E21DBEF610024AFB6 /* ProfileViewController.swift */,
				F2F8B99F21DBEF640024AFB6 /* EditProfileViewController.swift */,
				F28A9861222FA5F200C96EED /* EditBioViewController.swift */,
				F2860643232823DF00399F2A /* PeopleViewController.swift */,
			);
			path = Profile;
			sourceTree = "<group>";
		};
		F2FB14CB22CBFBFF00ED157E /* Main */ = {
			isa = PBXGroup;
			children = (
				E43AB27E24169BED003263C9 /* HomeCollectionViewCell.swift */,
				E4C9DCE823CCEB9D003835E5 /* HomeViewController.swift */,
				F2F122D822FBCA50002DA196 /* SearchViewController.swift */,
				E4262A5323FC3E3200107A1D /* MentionsViewController.swift */,
				F2FB14D022CC142C00ED157E /* Tag */,
			);
			path = Main;
			sourceTree = "<group>";
		};
		F2FB14CD22CC106100ED157E /* Payment */ = {
			isa = PBXGroup;
			children = (
				F2FB14D322CD1A1900ED157E /* Customer.swift */,
				F2BE03EC22CAD610009A5760 /* Payment.swift */,
				F2FB14D122CC328D00ED157E /* AddFundsViewController.swift */,
			);
			path = Payment;
			sourceTree = "<group>";
		};
		F2FB14D022CC142C00ED157E /* Tag */ = {
			isa = PBXGroup;
			children = (
				F268992A21753A3B00C21663 /* Tag.swift */,
				F26898A1215B2C9100C21663 /* ChooseTagsViewController.swift */,
				F2F122DA22FBCA78002DA196 /* TagTableViewCell.swift */,
			);
			path = Tag;
			sourceTree = "<group>";
		};
/* End PBXGroup section */

/* Begin PBXNativeTarget section */
		F2689865215AEF8F00C21663 /* soundbrew */ = {
			isa = PBXNativeTarget;
			buildConfigurationList = F268988E215AEF9000C21663 /* Build configuration list for PBXNativeTarget "soundbrew" */;
			buildPhases = (
				71A1E71225FD0EAB53CFBE63 /* [CP] Check Pods Manifest.lock */,
				F2689862215AEF8F00C21663 /* Sources */,
				F2689863215AEF8F00C21663 /* Frameworks */,
				F2689864215AEF8F00C21663 /* Resources */,
				B082AF0E245F1D3F45DAB765 /* [CP] Embed Pods Frameworks */,
				F246998322A829240020497E /* Embed Frameworks */,
				051F9B7E75EAA6F1BB62E98D /* [CP] Copy Pods Resources */,
			);
			buildRules = (
			);
			dependencies = (
			);
			name = soundbrew;
			productName = soundbrew;
			productReference = F2689866215AEF8F00C21663 /* soundbrew.app */;
			productType = "com.apple.product-type.application";
		};
		F2689879215AEF9000C21663 /* soundbrewTests */ = {
			isa = PBXNativeTarget;
			buildConfigurationList = F2689891215AEF9000C21663 /* Build configuration list for PBXNativeTarget "soundbrewTests" */;
			buildPhases = (
				D68E7DB71B855F4D336B9065 /* [CP] Check Pods Manifest.lock */,
				F2689876215AEF9000C21663 /* Sources */,
				F2689877215AEF9000C21663 /* Frameworks */,
				F2689878215AEF9000C21663 /* Resources */,
			);
			buildRules = (
			);
			dependencies = (
				F268987C215AEF9000C21663 /* PBXTargetDependency */,
			);
			name = soundbrewTests;
			productName = soundbrewTests;
			productReference = F268987A215AEF9000C21663 /* soundbrewTests.xctest */;
			productType = "com.apple.product-type.bundle.unit-test";
		};
		F2689884215AEF9000C21663 /* soundbrewUITests */ = {
			isa = PBXNativeTarget;
			buildConfigurationList = F2689894215AEF9000C21663 /* Build configuration list for PBXNativeTarget "soundbrewUITests" */;
			buildPhases = (
				BB2C50A2BA269A155F665FAD /* [CP] Check Pods Manifest.lock */,
				F2689881215AEF9000C21663 /* Sources */,
				F2689882215AEF9000C21663 /* Frameworks */,
				F2689883215AEF9000C21663 /* Resources */,
			);
			buildRules = (
			);
			dependencies = (
				F2689887215AEF9000C21663 /* PBXTargetDependency */,
			);
			name = soundbrewUITests;
			productName = soundbrewUITests;
			productReference = F2689885215AEF9000C21663 /* soundbrewUITests.xctest */;
			productType = "com.apple.product-type.bundle.ui-testing";
		};
/* End PBXNativeTarget section */

/* Begin PBXProject section */
		F268985E215AEF8F00C21663 /* Project object */ = {
			isa = PBXProject;
			attributes = {
				LastSwiftUpdateCheck = 1000;
				LastUpgradeCheck = 1000;
				ORGANIZATIONNAME = "Dominic  Smith";
				TargetAttributes = {
					F2689865215AEF8F00C21663 = {
						CreatedOnToolsVersion = 10.0;
						LastSwiftMigration = 1020;
						SystemCapabilities = {
							com.apple.ApplePay = {
								enabled = 1;
							};
							com.apple.AutoFillCredentialProvider = {
								enabled = 1;
							};
							com.apple.BackgroundModes = {
								enabled = 1;
							};
							com.apple.InAppPurchase = {
								enabled = 0;
							};
							com.apple.Keychain = {
								enabled = 0;
							};
							com.apple.NetworkExtensions.iOS = {
								enabled = 0;
							};
							com.apple.Push = {
								enabled = 1;
							};
							com.apple.SafariKeychain = {
								enabled = 1;
							};
							com.apple.iCloud = {
								enabled = 0;
							};
						};
					};
					F2689879215AEF9000C21663 = {
						CreatedOnToolsVersion = 10.0;
						LastSwiftMigration = 1020;
						TestTargetID = F2689865215AEF8F00C21663;
					};
					F2689884215AEF9000C21663 = {
						CreatedOnToolsVersion = 10.0;
						LastSwiftMigration = 1020;
						TestTargetID = F2689865215AEF8F00C21663;
					};
				};
			};
			buildConfigurationList = F2689861215AEF8F00C21663 /* Build configuration list for PBXProject "soundbrew" */;
			compatibilityVersion = "Xcode 9.3";
			developmentRegion = en;
			hasScannedForEncodings = 0;
			knownRegions = (
				en,
				Base,
				de,
				es,
			);
			mainGroup = F268985D215AEF8F00C21663;
			productRefGroup = F2689867215AEF8F00C21663 /* Products */;
			projectDirPath = "";
			projectReferences = (
				{
					ProductGroup = F246995422A8273E0020497E /* Products */;
					ProjectRef = F246995222A8273E0020497E /* Swifter.xcodeproj */;
				},
			);
			projectRoot = "";
			targets = (
				F2689865215AEF8F00C21663 /* soundbrew */,
				F2689879215AEF9000C21663 /* soundbrewTests */,
				F2689884215AEF9000C21663 /* soundbrewUITests */,
			);
		};
/* End PBXProject section */

/* Begin PBXReferenceProxy section */
		F246995C22A8273F0020497E /* SwifterDemoiOS.app */ = {
			isa = PBXReferenceProxy;
			fileType = wrapper.application;
			path = SwifterDemoiOS.app;
			remoteRef = F246995B22A8273F0020497E /* PBXContainerItemProxy */;
			sourceTree = BUILT_PRODUCTS_DIR;
		};
		F246995E22A8273F0020497E /* SwifteriOS.framework */ = {
			isa = PBXReferenceProxy;
			fileType = wrapper.framework;
			path = SwifteriOS.framework;
			remoteRef = F246995D22A8273F0020497E /* PBXContainerItemProxy */;
			sourceTree = BUILT_PRODUCTS_DIR;
		};
		F246996022A8273F0020497E /* SwifterMac.framework */ = {
			isa = PBXReferenceProxy;
			fileType = wrapper.framework;
			path = SwifterMac.framework;
			remoteRef = F246995F22A8273F0020497E /* PBXContainerItemProxy */;
			sourceTree = BUILT_PRODUCTS_DIR;
		};
		F246996222A8273F0020497E /* SwifterDemoMac.app */ = {
			isa = PBXReferenceProxy;
			fileType = wrapper.application;
			path = SwifterDemoMac.app;
			remoteRef = F246996122A8273F0020497E /* PBXContainerItemProxy */;
			sourceTree = BUILT_PRODUCTS_DIR;
		};
		F246996422A8273F0020497E /* SwifterTests.xctest */ = {
			isa = PBXReferenceProxy;
			fileType = wrapper.cfbundle;
			path = SwifterTests.xctest;
			remoteRef = F246996322A8273F0020497E /* PBXContainerItemProxy */;
			sourceTree = BUILT_PRODUCTS_DIR;
		};
/* End PBXReferenceProxy section */

/* Begin PBXResourcesBuildPhase section */
		F2689864215AEF8F00C21663 /* Resources */ = {
			isa = PBXResourcesBuildPhase;
			buildActionMask = 2147483647;
			files = (
				F24F2B762278E8CB006D1CB7 /* GoogleService-Info.plist in Resources */,
				E40829EA236209C800D88B33 /* Localizable.strings in Resources */,
				F226B5CB2329A47C00C3E951 /* NewUser.storyboard in Resources */,
				F2689874215AEF9000C21663 /* LaunchScreen.storyboard in Resources */,
				E43AB28B241AE067003263C9 /* Onboard.storyboard in Resources */,
				F2689871215AEF9000C21663 /* Assets.xcassets in Resources */,
				F268986F215AEF8F00C21663 /* Main.storyboard in Resources */,
			);
			runOnlyForDeploymentPostprocessing = 0;
		};
		F2689878215AEF9000C21663 /* Resources */ = {
			isa = PBXResourcesBuildPhase;
			buildActionMask = 2147483647;
			files = (
			);
			runOnlyForDeploymentPostprocessing = 0;
		};
		F2689883215AEF9000C21663 /* Resources */ = {
			isa = PBXResourcesBuildPhase;
			buildActionMask = 2147483647;
			files = (
			);
			runOnlyForDeploymentPostprocessing = 0;
		};
/* End PBXResourcesBuildPhase section */

/* Begin PBXShellScriptBuildPhase section */
		051F9B7E75EAA6F1BB62E98D /* [CP] Copy Pods Resources */ = {
			isa = PBXShellScriptBuildPhase;
			buildActionMask = 2147483647;
			files = (
			);
			inputFileListPaths = (
				"${PODS_ROOT}/Target Support Files/Pods-soundbrew/Pods-soundbrew-resources-${CONFIGURATION}-input-files.xcfilelist",
			);
			name = "[CP] Copy Pods Resources";
			outputFileListPaths = (
				"${PODS_ROOT}/Target Support Files/Pods-soundbrew/Pods-soundbrew-resources-${CONFIGURATION}-output-files.xcfilelist",
			);
			runOnlyForDeploymentPostprocessing = 0;
			shellPath = /bin/sh;
			shellScript = "\"${PODS_ROOT}/Target Support Files/Pods-soundbrew/Pods-soundbrew-resources.sh\"\n";
			showEnvVarsInLog = 0;
		};
		71A1E71225FD0EAB53CFBE63 /* [CP] Check Pods Manifest.lock */ = {
			isa = PBXShellScriptBuildPhase;
			buildActionMask = 2147483647;
			files = (
			);
			inputPaths = (
				"${PODS_PODFILE_DIR_PATH}/Podfile.lock",
				"${PODS_ROOT}/Manifest.lock",
			);
			name = "[CP] Check Pods Manifest.lock";
			outputPaths = (
				"$(DERIVED_FILE_DIR)/Pods-soundbrew-checkManifestLockResult.txt",
			);
			runOnlyForDeploymentPostprocessing = 0;
			shellPath = /bin/sh;
			shellScript = "diff \"${PODS_PODFILE_DIR_PATH}/Podfile.lock\" \"${PODS_ROOT}/Manifest.lock\" > /dev/null\nif [ $? != 0 ] ; then\n    # print error to STDERR\n    echo \"error: The sandbox is not in sync with the Podfile.lock. Run 'pod install' or update your CocoaPods installation.\" >&2\n    exit 1\nfi\n# This output is used by Xcode 'outputs' to avoid re-running this script phase.\necho \"SUCCESS\" > \"${SCRIPT_OUTPUT_FILE_0}\"\n";
			showEnvVarsInLog = 0;
		};
		B082AF0E245F1D3F45DAB765 /* [CP] Embed Pods Frameworks */ = {
			isa = PBXShellScriptBuildPhase;
			buildActionMask = 2147483647;
			files = (
			);
			inputFileListPaths = (
				"${PODS_ROOT}/Target Support Files/Pods-soundbrew/Pods-soundbrew-frameworks-${CONFIGURATION}-input-files.xcfilelist",
			);
			name = "[CP] Embed Pods Frameworks";
			outputFileListPaths = (
				"${PODS_ROOT}/Target Support Files/Pods-soundbrew/Pods-soundbrew-frameworks-${CONFIGURATION}-output-files.xcfilelist",
			);
			runOnlyForDeploymentPostprocessing = 0;
			shellPath = /bin/sh;
			shellScript = "\"${PODS_ROOT}/Target Support Files/Pods-soundbrew/Pods-soundbrew-frameworks.sh\"\n";
			showEnvVarsInLog = 0;
		};
		BB2C50A2BA269A155F665FAD /* [CP] Check Pods Manifest.lock */ = {
			isa = PBXShellScriptBuildPhase;
			buildActionMask = 2147483647;
			files = (
			);
			inputPaths = (
				"${PODS_PODFILE_DIR_PATH}/Podfile.lock",
				"${PODS_ROOT}/Manifest.lock",
			);
			name = "[CP] Check Pods Manifest.lock";
			outputPaths = (
				"$(DERIVED_FILE_DIR)/Pods-soundbrewUITests-checkManifestLockResult.txt",
			);
			runOnlyForDeploymentPostprocessing = 0;
			shellPath = /bin/sh;
			shellScript = "diff \"${PODS_PODFILE_DIR_PATH}/Podfile.lock\" \"${PODS_ROOT}/Manifest.lock\" > /dev/null\nif [ $? != 0 ] ; then\n    # print error to STDERR\n    echo \"error: The sandbox is not in sync with the Podfile.lock. Run 'pod install' or update your CocoaPods installation.\" >&2\n    exit 1\nfi\n# This output is used by Xcode 'outputs' to avoid re-running this script phase.\necho \"SUCCESS\" > \"${SCRIPT_OUTPUT_FILE_0}\"\n";
			showEnvVarsInLog = 0;
		};
		D68E7DB71B855F4D336B9065 /* [CP] Check Pods Manifest.lock */ = {
			isa = PBXShellScriptBuildPhase;
			buildActionMask = 2147483647;
			files = (
			);
			inputPaths = (
				"${PODS_PODFILE_DIR_PATH}/Podfile.lock",
				"${PODS_ROOT}/Manifest.lock",
			);
			name = "[CP] Check Pods Manifest.lock";
			outputPaths = (
				"$(DERIVED_FILE_DIR)/Pods-soundbrewTests-checkManifestLockResult.txt",
			);
			runOnlyForDeploymentPostprocessing = 0;
			shellPath = /bin/sh;
			shellScript = "diff \"${PODS_PODFILE_DIR_PATH}/Podfile.lock\" \"${PODS_ROOT}/Manifest.lock\" > /dev/null\nif [ $? != 0 ] ; then\n    # print error to STDERR\n    echo \"error: The sandbox is not in sync with the Podfile.lock. Run 'pod install' or update your CocoaPods installation.\" >&2\n    exit 1\nfi\n# This output is used by Xcode 'outputs' to avoid re-running this script phase.\necho \"SUCCESS\" > \"${SCRIPT_OUTPUT_FILE_0}\"\n";
			showEnvVarsInLog = 0;
		};
/* End PBXShellScriptBuildPhase section */

/* Begin PBXSourcesBuildPhase section */
		F2689862215AEF8F00C21663 /* Sources */ = {
			isa = PBXSourcesBuildPhase;
			buildActionMask = 2147483647;
			files = (
				F203C76C225D7ED80050F113 /* InstagramStoriesArtImage.swift in Sources */,
				F226B5CD2329AFC200C3E951 /* WelcomeViewController.swift in Sources */,
				F2F8B99921DBEF4A0024AFB6 /* SoundInfoViewController.swift in Sources */,
				F2F8B99B21DBEF4A0024AFB6 /* SoundInfoTableViewCell.swift in Sources */,
				E425D7C923C289630031DB0B /* NewCreditViewController.swift in Sources */,
				E43AB27F24169BED003263C9 /* HomeCollectionViewCell.swift in Sources */,
				E4C9DCE923CCEB9D003835E5 /* HomeViewController.swift in Sources */,
				E46A641D234E567C0055E65A /* LoginViewController.swift in Sources */,
				F268989C215AF88200C21663 /* Color.swift in Sources */,
				F2EA6F50220B6411007FA614 /* PlayerViewController.swift in Sources */,
				F2EA6F4E220B630B007FA614 /* Player.swift in Sources */,
				F2860644232823DF00399F2A /* PeopleViewController.swift in Sources */,
				E4C9DCEF23E10FE6003835E5 /* CommentTableViewCell.swift in Sources */,
				F268989E215AF8F100C21663 /* UIElement.swift in Sources */,
				F2F8B9A121DBEF640024AFB6 /* ProfileViewController.swift in Sources */,
				F2E6E4F422A591FE00B4537D /* TemporaryFile.swift in Sources */,
				E4262A5423FC3E3200107A1D /* MentionsViewController.swift in Sources */,
				F2F8B9A221DBEF640024AFB6 /* EditProfileViewController.swift in Sources */,
				F2EA85752244110B005D6153 /* SoundList.swift in Sources */,
				F2FB14D222CC328D00ED157E /* AddFundsViewController.swift in Sources */,
				F2F122DB22FBCA78002DA196 /* TagTableViewCell.swift in Sources */,
				E4EB6870238CBC5000FB1D71 /* AKConverter.swift in Sources */,
				E46A6423234E57470055E65A /* NewPasswordViewController.swift in Sources */,
				F2FB14D422CD1A1900ED157E /* Customer.swift in Sources */,
				F2E5081C21FFC5A200985E34 /* SoundsViewController.swift in Sources */,
				E43AB28D241D5332003263C9 /* WhoToFollowTableViewCell.swift in Sources */,
				F2EA6F53220BEAF4007FA614 /* MiniPlayerView.swift in Sources */,
				F226B5C92329705400C3E951 /* SnapchatStoriesArtImage.swift in Sources */,
				E46A6421234E57120055E65A /* NewUsernameViewController.swift in Sources */,
				F268986A215AEF8F00C21663 /* AppDelegate.swift in Sources */,
				F2F8B99121DBEF140024AFB6 /* SoundListTableViewCell.swift in Sources */,
				E46A641F234E56D30055E65A /* NewEmailViewController.swift in Sources */,
				F2F8B9A021DBEF640024AFB6 /* ProfileTableViewCell.swift in Sources */,
				F268992B21753A3B00C21663 /* Tag.swift in Sources */,
				F2FB14CA22CBFB0700ED157E /* SettingsViewController.swift in Sources */,
				F2BE03ED22CAD610009A5760 /* Payment.swift in Sources */,
				F26898A6215B527900C21663 /* Sound.swift in Sources */,
				E4C9DCF123E11018003835E5 /* CommentViewController.swift in Sources */,
				F26898A2215B2C9100C21663 /* ChooseTagsViewController.swift in Sources */,
				F28A9862222FA5F200C96EED /* EditBioViewController.swift in Sources */,
				E43AB289241ADE9A003263C9 /* WhoToFollowViewController.swift in Sources */,
				E425D7C723C2836A0031DB0B /* Credit.swift in Sources */,
				E43AB28F241D7181003263C9 /* Follow.swift in Sources */,
				F2F122D922FBCA50002DA196 /* SearchViewController.swift in Sources */,
				F23C621B21DC3582005C9FF0 /* ForgotPasswordViewController.swift in Sources */,
				F2FB14C822CBF99600ED157E /* ContainerViewController.swift in Sources */,
				F2F8B9A721DBFBE30024AFB6 /* Artist.swift in Sources */,
				F2F8B99C21DBEF4A0024AFB6 /* NewSoundViewController.swift in Sources */,
			);
			runOnlyForDeploymentPostprocessing = 0;
		};
		F2689876215AEF9000C21663 /* Sources */ = {
			isa = PBXSourcesBuildPhase;
			buildActionMask = 2147483647;
			files = (
				F268987F215AEF9000C21663 /* soundbrewTests.swift in Sources */,
			);
			runOnlyForDeploymentPostprocessing = 0;
		};
		F2689881215AEF9000C21663 /* Sources */ = {
			isa = PBXSourcesBuildPhase;
			buildActionMask = 2147483647;
			files = (
				F268988A215AEF9000C21663 /* soundbrewUITests.swift in Sources */,
			);
			runOnlyForDeploymentPostprocessing = 0;
		};
/* End PBXSourcesBuildPhase section */

/* Begin PBXTargetDependency section */
		F268987C215AEF9000C21663 /* PBXTargetDependency */ = {
			isa = PBXTargetDependency;
			target = F2689865215AEF8F00C21663 /* soundbrew */;
			targetProxy = F268987B215AEF9000C21663 /* PBXContainerItemProxy */;
		};
		F2689887215AEF9000C21663 /* PBXTargetDependency */ = {
			isa = PBXTargetDependency;
			target = F2689865215AEF8F00C21663 /* soundbrew */;
			targetProxy = F2689886215AEF9000C21663 /* PBXContainerItemProxy */;
		};
/* End PBXTargetDependency section */

/* Begin PBXVariantGroup section */
		E40829EC236209C800D88B33 /* Localizable.strings */ = {
			isa = PBXVariantGroup;
			children = (
				E40829EB236209C800D88B33 /* de */,
				E40829ED236209D100D88B33 /* en */,
				E4006F602367A0EC0020CDD8 /* es */,
			);
			name = Localizable.strings;
			sourceTree = "<group>";
		};
		F268986D215AEF8F00C21663 /* Main.storyboard */ = {
			isa = PBXVariantGroup;
			children = (
				F268986E215AEF8F00C21663 /* Base */,
				E40829E6236204EA00D88B33 /* de */,
				E4006F5F2367A0EB0020CDD8 /* es */,
			);
			name = Main.storyboard;
			sourceTree = "<group>";
		};
		F2689872215AEF9000C21663 /* LaunchScreen.storyboard */ = {
			isa = PBXVariantGroup;
			children = (
				F2689873215AEF9000C21663 /* Base */,
				E40829E5236204E900D88B33 /* de */,
				E4006F5E2367A0EA0020CDD8 /* es */,
			);
			name = LaunchScreen.storyboard;
			sourceTree = "<group>";
		};
/* End PBXVariantGroup section */

/* Begin XCBuildConfiguration section */
		F268988C215AEF9000C21663 /* Debug */ = {
			isa = XCBuildConfiguration;
			buildSettings = {
				ALWAYS_SEARCH_USER_PATHS = NO;
				CLANG_ANALYZER_LOCALIZABILITY_NONLOCALIZED = YES;
				CLANG_ANALYZER_NONNULL = YES;
				CLANG_ANALYZER_NUMBER_OBJECT_CONVERSION = YES_AGGRESSIVE;
				CLANG_CXX_LANGUAGE_STANDARD = "gnu++14";
				CLANG_CXX_LIBRARY = "libc++";
				CLANG_ENABLE_MODULES = YES;
				CLANG_ENABLE_OBJC_ARC = YES;
				CLANG_ENABLE_OBJC_WEAK = YES;
				CLANG_WARN_BLOCK_CAPTURE_AUTORELEASING = YES;
				CLANG_WARN_BOOL_CONVERSION = YES;
				CLANG_WARN_COMMA = YES;
				CLANG_WARN_CONSTANT_CONVERSION = YES;
				CLANG_WARN_DEPRECATED_OBJC_IMPLEMENTATIONS = YES;
				CLANG_WARN_DIRECT_OBJC_ISA_USAGE = YES_ERROR;
				CLANG_WARN_DOCUMENTATION_COMMENTS = YES;
				CLANG_WARN_EMPTY_BODY = YES;
				CLANG_WARN_ENUM_CONVERSION = YES;
				CLANG_WARN_INFINITE_RECURSION = YES;
				CLANG_WARN_INT_CONVERSION = YES;
				CLANG_WARN_NON_LITERAL_NULL_CONVERSION = YES;
				CLANG_WARN_OBJC_IMPLICIT_RETAIN_SELF = YES;
				CLANG_WARN_OBJC_LITERAL_CONVERSION = YES;
				CLANG_WARN_OBJC_ROOT_CLASS = YES_ERROR;
				CLANG_WARN_RANGE_LOOP_ANALYSIS = YES;
				CLANG_WARN_STRICT_PROTOTYPES = YES;
				CLANG_WARN_SUSPICIOUS_MOVE = YES;
				CLANG_WARN_UNGUARDED_AVAILABILITY = YES_AGGRESSIVE;
				CLANG_WARN_UNREACHABLE_CODE = YES;
				CLANG_WARN__DUPLICATE_METHOD_MATCH = YES;
				CODE_SIGN_IDENTITY = "iPhone Developer";
				COPY_PHASE_STRIP = NO;
				DEBUG_INFORMATION_FORMAT = dwarf;
				ENABLE_BITCODE = NO;
				ENABLE_STRICT_OBJC_MSGSEND = YES;
				ENABLE_TESTABILITY = YES;
				GCC_C_LANGUAGE_STANDARD = gnu11;
				GCC_DYNAMIC_NO_PIC = NO;
				GCC_NO_COMMON_BLOCKS = YES;
				GCC_OPTIMIZATION_LEVEL = 0;
				GCC_PREPROCESSOR_DEFINITIONS = (
					"DEBUG=1",
					"$(inherited)",
				);
				GCC_WARN_64_TO_32_BIT_CONVERSION = YES;
				GCC_WARN_ABOUT_RETURN_TYPE = YES_ERROR;
				GCC_WARN_UNDECLARED_SELECTOR = YES;
				GCC_WARN_UNINITIALIZED_AUTOS = YES_AGGRESSIVE;
				GCC_WARN_UNUSED_FUNCTION = YES;
				GCC_WARN_UNUSED_VARIABLE = YES;
				IPHONEOS_DEPLOYMENT_TARGET = 12.0;
				MTL_ENABLE_DEBUG_INFO = INCLUDE_SOURCE;
				MTL_FAST_MATH = YES;
				ONLY_ACTIVE_ARCH = YES;
				SDKROOT = iphoneos;
				SWIFT_ACTIVE_COMPILATION_CONDITIONS = DEBUG;
				SWIFT_OPTIMIZATION_LEVEL = "-Onone";
			};
			name = Debug;
		};
		F268988D215AEF9000C21663 /* Release */ = {
			isa = XCBuildConfiguration;
			buildSettings = {
				ALWAYS_SEARCH_USER_PATHS = NO;
				CLANG_ANALYZER_LOCALIZABILITY_NONLOCALIZED = YES;
				CLANG_ANALYZER_NONNULL = YES;
				CLANG_ANALYZER_NUMBER_OBJECT_CONVERSION = YES_AGGRESSIVE;
				CLANG_CXX_LANGUAGE_STANDARD = "gnu++14";
				CLANG_CXX_LIBRARY = "libc++";
				CLANG_ENABLE_MODULES = YES;
				CLANG_ENABLE_OBJC_ARC = YES;
				CLANG_ENABLE_OBJC_WEAK = YES;
				CLANG_WARN_BLOCK_CAPTURE_AUTORELEASING = YES;
				CLANG_WARN_BOOL_CONVERSION = YES;
				CLANG_WARN_COMMA = YES;
				CLANG_WARN_CONSTANT_CONVERSION = YES;
				CLANG_WARN_DEPRECATED_OBJC_IMPLEMENTATIONS = YES;
				CLANG_WARN_DIRECT_OBJC_ISA_USAGE = YES_ERROR;
				CLANG_WARN_DOCUMENTATION_COMMENTS = YES;
				CLANG_WARN_EMPTY_BODY = YES;
				CLANG_WARN_ENUM_CONVERSION = YES;
				CLANG_WARN_INFINITE_RECURSION = YES;
				CLANG_WARN_INT_CONVERSION = YES;
				CLANG_WARN_NON_LITERAL_NULL_CONVERSION = YES;
				CLANG_WARN_OBJC_IMPLICIT_RETAIN_SELF = YES;
				CLANG_WARN_OBJC_LITERAL_CONVERSION = YES;
				CLANG_WARN_OBJC_ROOT_CLASS = YES_ERROR;
				CLANG_WARN_RANGE_LOOP_ANALYSIS = YES;
				CLANG_WARN_STRICT_PROTOTYPES = YES;
				CLANG_WARN_SUSPICIOUS_MOVE = YES;
				CLANG_WARN_UNGUARDED_AVAILABILITY = YES_AGGRESSIVE;
				CLANG_WARN_UNREACHABLE_CODE = YES;
				CLANG_WARN__DUPLICATE_METHOD_MATCH = YES;
				CODE_SIGN_IDENTITY = "iPhone Developer";
				COPY_PHASE_STRIP = NO;
				DEBUG_INFORMATION_FORMAT = "dwarf-with-dsym";
				ENABLE_BITCODE = NO;
				ENABLE_NS_ASSERTIONS = NO;
				ENABLE_STRICT_OBJC_MSGSEND = YES;
				ENABLE_TESTABILITY = NO;
				GCC_C_LANGUAGE_STANDARD = gnu11;
				GCC_NO_COMMON_BLOCKS = YES;
				GCC_WARN_64_TO_32_BIT_CONVERSION = YES;
				GCC_WARN_ABOUT_RETURN_TYPE = YES_ERROR;
				GCC_WARN_UNDECLARED_SELECTOR = YES;
				GCC_WARN_UNINITIALIZED_AUTOS = YES_AGGRESSIVE;
				GCC_WARN_UNUSED_FUNCTION = YES;
				GCC_WARN_UNUSED_VARIABLE = YES;
				IPHONEOS_DEPLOYMENT_TARGET = 12.0;
				MTL_ENABLE_DEBUG_INFO = NO;
				MTL_FAST_MATH = YES;
				SDKROOT = iphoneos;
				SWIFT_COMPILATION_MODE = wholemodule;
				SWIFT_OPTIMIZATION_LEVEL = "-O";
				VALIDATE_PRODUCT = YES;
			};
			name = Release;
		};
		F268988F215AEF9000C21663 /* Debug */ = {
			isa = XCBuildConfiguration;
			baseConfigurationReference = 39D725360E8FD463AF5DD069 /* Pods-soundbrew.debug.xcconfig */;
			buildSettings = {
				ALWAYS_EMBED_SWIFT_STANDARD_LIBRARIES = YES;
				ASSETCATALOG_COMPILER_APPICON_NAME = AppIcon;
				CODE_SIGN_ENTITLEMENTS = soundbrew/soundbrew.entitlements;
				CODE_SIGN_IDENTITY = "Apple Development";
				CODE_SIGN_STYLE = Automatic;
				CURRENT_PROJECT_VERSION = 35;
				DEBUG_INFORMATION_FORMAT = "dwarf-with-dsym";
				DEVELOPMENT_TEAM = 8963R7TGNB;
				INFOPLIST_FILE = soundbrew/Info.plist;
				IPHONEOS_DEPLOYMENT_TARGET = 12.0;
				LD_RUNPATH_SEARCH_PATHS = (
					"$(inherited)",
					"@executable_path/Frameworks",
				);
				MARKETING_VERSION = 0.6.1;
				PRODUCT_BUNDLE_IDENTIFIER = "com.soundbrew.soundbrew-artists";
				PRODUCT_NAME = "$(TARGET_NAME)";
				PROVISIONING_PROFILE_SPECIFIER = "";
				SWIFT_VERSION = 5.0;
				TARGETED_DEVICE_FAMILY = 1;
			};
			name = Debug;
		};
		F2689890215AEF9000C21663 /* Release */ = {
			isa = XCBuildConfiguration;
			baseConfigurationReference = 7A4EF2DDF0A520CBB15481F8 /* Pods-soundbrew.release.xcconfig */;
			buildSettings = {
				ALWAYS_EMBED_SWIFT_STANDARD_LIBRARIES = YES;
				ASSETCATALOG_COMPILER_APPICON_NAME = AppIcon;
				CODE_SIGN_ENTITLEMENTS = soundbrew/soundbrew.entitlements;
				CODE_SIGN_IDENTITY = "Apple Development";
				CODE_SIGN_STYLE = Automatic;
				CURRENT_PROJECT_VERSION = 35;
				DEBUG_INFORMATION_FORMAT = "dwarf-with-dsym";
				DEVELOPMENT_TEAM = 8963R7TGNB;
				INFOPLIST_FILE = soundbrew/Info.plist;
				IPHONEOS_DEPLOYMENT_TARGET = 12.0;
				LD_RUNPATH_SEARCH_PATHS = (
					"$(inherited)",
					"@executable_path/Frameworks",
				);
				MARKETING_VERSION = 0.6.1;
				PRODUCT_BUNDLE_IDENTIFIER = "com.soundbrew.soundbrew-artists";
				PRODUCT_NAME = "$(TARGET_NAME)";
				PROVISIONING_PROFILE_SPECIFIER = "";
				SWIFT_VERSION = 5.0;
				TARGETED_DEVICE_FAMILY = 1;
			};
			name = Release;
		};
		F2689892215AEF9000C21663 /* Debug */ = {
			isa = XCBuildConfiguration;
			baseConfigurationReference = D7A0E542735DEBF665AEBE43 /* Pods-soundbrewTests.debug.xcconfig */;
			buildSettings = {
				ALWAYS_EMBED_SWIFT_STANDARD_LIBRARIES = YES;
				BUNDLE_LOADER = "$(TEST_HOST)";
				CODE_SIGN_STYLE = Automatic;
				DEVELOPMENT_TEAM = 8963R7TGNB;
				INFOPLIST_FILE = soundbrewTests/Info.plist;
				LD_RUNPATH_SEARCH_PATHS = (
					"$(inherited)",
					"@executable_path/Frameworks",
					"@loader_path/Frameworks",
				);
				PRODUCT_BUNDLE_IDENTIFIER = com.soundbrew.soundbrewTests;
				PRODUCT_NAME = "$(TARGET_NAME)";
				SWIFT_VERSION = 5.0;
				TARGETED_DEVICE_FAMILY = "1,2";
				TEST_HOST = "$(BUILT_PRODUCTS_DIR)/soundbrew.app/soundbrew";
			};
			name = Debug;
		};
		F2689893215AEF9000C21663 /* Release */ = {
			isa = XCBuildConfiguration;
			baseConfigurationReference = FB21B064ABB30A8D9A4DED97 /* Pods-soundbrewTests.release.xcconfig */;
			buildSettings = {
				ALWAYS_EMBED_SWIFT_STANDARD_LIBRARIES = YES;
				BUNDLE_LOADER = "$(TEST_HOST)";
				CODE_SIGN_STYLE = Automatic;
				DEVELOPMENT_TEAM = 8963R7TGNB;
				INFOPLIST_FILE = soundbrewTests/Info.plist;
				LD_RUNPATH_SEARCH_PATHS = (
					"$(inherited)",
					"@executable_path/Frameworks",
					"@loader_path/Frameworks",
				);
				PRODUCT_BUNDLE_IDENTIFIER = com.soundbrew.soundbrewTests;
				PRODUCT_NAME = "$(TARGET_NAME)";
				SWIFT_VERSION = 5.0;
				TARGETED_DEVICE_FAMILY = "1,2";
				TEST_HOST = "$(BUILT_PRODUCTS_DIR)/soundbrew.app/soundbrew";
			};
			name = Release;
		};
		F2689895215AEF9000C21663 /* Debug */ = {
			isa = XCBuildConfiguration;
			baseConfigurationReference = AE5E96109A7445CB251E5689 /* Pods-soundbrewUITests.debug.xcconfig */;
			buildSettings = {
				ALWAYS_EMBED_SWIFT_STANDARD_LIBRARIES = YES;
				CODE_SIGN_STYLE = Automatic;
				DEVELOPMENT_TEAM = 8963R7TGNB;
				INFOPLIST_FILE = soundbrewUITests/Info.plist;
				LD_RUNPATH_SEARCH_PATHS = (
					"$(inherited)",
					"@executable_path/Frameworks",
					"@loader_path/Frameworks",
				);
				PRODUCT_BUNDLE_IDENTIFIER = com.soundbrew.soundbrewUITests;
				PRODUCT_NAME = "$(TARGET_NAME)";
				SWIFT_VERSION = 5.0;
				TARGETED_DEVICE_FAMILY = "1,2";
				TEST_TARGET_NAME = soundbrew;
			};
			name = Debug;
		};
		F2689896215AEF9000C21663 /* Release */ = {
			isa = XCBuildConfiguration;
			baseConfigurationReference = 2176CF4249BE5EFB52E4C66A /* Pods-soundbrewUITests.release.xcconfig */;
			buildSettings = {
				ALWAYS_EMBED_SWIFT_STANDARD_LIBRARIES = YES;
				CODE_SIGN_STYLE = Automatic;
				DEVELOPMENT_TEAM = 8963R7TGNB;
				INFOPLIST_FILE = soundbrewUITests/Info.plist;
				LD_RUNPATH_SEARCH_PATHS = (
					"$(inherited)",
					"@executable_path/Frameworks",
					"@loader_path/Frameworks",
				);
				PRODUCT_BUNDLE_IDENTIFIER = com.soundbrew.soundbrewUITests;
				PRODUCT_NAME = "$(TARGET_NAME)";
				SWIFT_VERSION = 5.0;
				TARGETED_DEVICE_FAMILY = "1,2";
				TEST_TARGET_NAME = soundbrew;
			};
			name = Release;
		};
/* End XCBuildConfiguration section */

/* Begin XCConfigurationList section */
		F2689861215AEF8F00C21663 /* Build configuration list for PBXProject "soundbrew" */ = {
			isa = XCConfigurationList;
			buildConfigurations = (
				F268988C215AEF9000C21663 /* Debug */,
				F268988D215AEF9000C21663 /* Release */,
			);
			defaultConfigurationIsVisible = 0;
			defaultConfigurationName = Release;
		};
		F268988E215AEF9000C21663 /* Build configuration list for PBXNativeTarget "soundbrew" */ = {
			isa = XCConfigurationList;
			buildConfigurations = (
				F268988F215AEF9000C21663 /* Debug */,
				F2689890215AEF9000C21663 /* Release */,
			);
			defaultConfigurationIsVisible = 0;
			defaultConfigurationName = Release;
		};
		F2689891215AEF9000C21663 /* Build configuration list for PBXNativeTarget "soundbrewTests" */ = {
			isa = XCConfigurationList;
			buildConfigurations = (
				F2689892215AEF9000C21663 /* Debug */,
				F2689893215AEF9000C21663 /* Release */,
			);
			defaultConfigurationIsVisible = 0;
			defaultConfigurationName = Release;
		};
		F2689894215AEF9000C21663 /* Build configuration list for PBXNativeTarget "soundbrewUITests" */ = {
			isa = XCConfigurationList;
			buildConfigurations = (
				F2689895215AEF9000C21663 /* Debug */,
				F2689896215AEF9000C21663 /* Release */,
			);
			defaultConfigurationIsVisible = 0;
			defaultConfigurationName = Release;
		};
/* End XCConfigurationList section */
	};
	rootObject = F268985E215AEF8F00C21663 /* Project object */;
}
