PODS:
  - Bolts/Tasks (1.9.0)
  - Kingfisher (4.10.0)
  - NVActivityIndicatorView (4.4.0):
    - NVActivityIndicatorView/Presenter (= 4.4.0)
  - NVActivityIndicatorView/Presenter (4.4.0)
  - Parse (1.17.1):
    - Parse/Core (= 1.17.1)
  - Parse/Core (1.17.1):
    - Bolts/Tasks (~> 1.9)
  - SnapKit (4.0.1)
  - TagListView (1.3.1)

DEPENDENCIES:
  - Kingfisher
  - NVActivityIndicatorView
  - Parse
  - SnapKit
  - TagListView

SPEC REPOS:
  https://github.com/cocoapods/specs.git:
    - Bolts
    - Kingfisher
    - NVActivityIndicatorView
    - Parse
    - SnapKit
    - TagListView

SPEC CHECKSUMS:
  Bolts: ac6567323eac61e203f6a9763667d0f711be34c8
  Kingfisher: 43c4b802d8b5256cf1f4379e9cd10b329be6d3e2
  NVActivityIndicatorView: ec7440a57af2450319d3a4181cca7da6fc127064
  Parse: d3edaf8c7c722cb33cb83ba7821d015ae32d362d
  SnapKit: 0de968a9fec17499afa29683b05d0c775b6d1c29
  TagListView: 6dafd34a61021c6db72c0c8e3a044054c9854311

PODFILE CHECKSUM: 201429b291364b21cebd43dbd59057a9144651c0

COCOAPODS: 1.5.3
